
Microsoft Visual Studio Solution File, Format Version 12.00
# Visual Studio Version 16
VisualStudioVersion = 16.0.30523.141
MinimumVisualStudioVersion = 10.0.40219.1
Project("{FAE04EC0-301F-11D3-BF4B-00C04F79EFBC}") = "The game", "The game.csproj", "{3C2494EB-10C1-4769-A302-7E9D57526306}"
EndProject
Global
	GlobalSection(SolutionConfigurationPlatforms) = preSolution
		Debug|Any CPU = Debug|Any CPU
		Release|Any CPU = Release|Any CPU
	EndGlobalSection
	GlobalSection(ProjectConfigurationPlatforms) = postSolution
		{3C2494EB-10C1-4769-A302-7E9D57526306}.Debug|Any CPU.ActiveCfg = Debug|Any CPU
		{3C2494EB-10C1-4769-A302-7E9D57526306}.Debug|Any CPU.Build.0 = Debug|Any CPU
		{3C2494EB-10C1-4769-A302-7E9D57526306}.Release|Any CPU.ActiveCfg = Release|Any CPU
		{3C2494EB-10C1-4769-A302-7E9D57526306}.Release|Any CPU.Build.0 = Release|Any CPU
	EndGlobalSection
	GlobalSection(SolutionProperties) = preSolution
		HideSolutionNode = FALSE
	EndGlobalSection
	GlobalSection(ExtensibilityGlobals) = postSolution
		SolutionGuid = {608B3E65-F81E-4DC4-8016-1B3B7BFDF4B1}
	EndGlobalSection
EndGlobal
